{
  "name": "starknet_oapp_deps",
  "version": "0.0.0",
  "lockfileVersion": 3,
  "requires": true,
  "packages": {
    "": {
      "name": "starknet_oapp_deps",
      "version": "0.0.0",
      "dependencies": {
        "@layerzerolabs/protocol-starknet-v2": "latest"
      }
    },
    "node_modules/@layerzerolabs/protocol-starknet-v2": {
      "version": "0.2.90",
      "resolved": "https://registry.npmjs.org/@layerzerolabs/protocol-starknet-v2/-/protocol-starknet-v2-0.2.90.tgz",
      "integrity": "sha512-bwNUOSDo7EgrbDcKphON/Gu4+tVGJnA+HASNPV1VR8p46AWtdJwpM8M3GImdrLjkwFgx14drF9rHxodg1/Zmlg==",
      "license": "LZBL-1.3"
    }
  }
}
